
Microsoft Visual Studio Solution File, Format Version 12.00
# Visual Studio 15
Project("{FAE04EC0-301F-11D3-BF4B-00C04F79EFBC}") = "Unity.Timeline", "Unity.Timeline.csproj", "{D99E12AF-8F09-98E6-B53F-AD3E8CCE8B11}"
EndProject
Project("{FAE04EC0-301F-11D3-BF4B-00C04F79EFBC}") = "Unity.RenderPipelines.GPUDriven.Runtime", "Unity.RenderPipelines.GPUDriven.Runtime.csproj", "{31AD0660-D97C-748C-DB08-2A7BFEC3F457}"
EndProject
Project("{FAE04EC0-301F-11D3-BF4B-00C04F79EFBC}") = "Unity.2D.Aseprite.Editor", "Unity.2D.Aseprite.Editor.csproj", "{0699B720-2C54-A3DA-3869-F23DF6727198}"
EndProject
Project("{FAE04EC0-301F-11D3-BF4B-00C04F79EFBC}") = "Unity.ShaderGraph.Editor", "Unity.ShaderGraph.Editor.csproj", "{1EE3776C-16DC-AF48-4FA9-825359264B9E}"
EndProject
Project("{FAE04EC0-301F-11D3-BF4B-00C04F79EFBC}") = "Unity.PlasticSCM.Editor", "Unity.PlasticSCM.Editor.csproj", "{682F1CD8-899B-5322-493E-EFB5196D41CF}"
EndProject
Project("{FAE04EC0-301F-11D3-BF4B-00C04F79EFBC}") = "Unity.RenderPipelines.Core.Runtime", "Unity.RenderPipelines.Core.Runtime.csproj", "{179FB798-D830-14A2-4CFD-276E0BF079F9}"
EndProject
Project("{FAE04EC0-301F-11D3-BF4B-00C04F79EFBC}") = "Unity.Mathematics", "Unity.Mathematics.csproj", "{1F1BDD49-1F70-5103-E0AC-DB6CAF604E10}"
EndProject
Project("{FAE04EC0-301F-11D3-BF4B-00C04F79EFBC}") = "Unity.Timeline.Editor", "Unity.Timeline.Editor.csproj", "{3B89309A-5473-262C-74A8-EF9D981AF05C}"
EndProject
Project("{FAE04EC0-301F-11D3-BF4B-00C04F79EFBC}") = "Unity.Multiplayer.Center.Editor", "Unity.Multiplayer.Center.Editor.csproj", "{5DA47408-4D1A-0501-971D-02E504E1A9E3}"
EndProject
Project("{FAE04EC0-301F-11D3-BF4B-00C04F79EFBC}") = "Unity.RenderPipelines.Core.Editor", "Unity.RenderPipelines.Core.Editor.csproj", "{050BFB8C-A9FD-B2F7-395C-7F5A4E7ABEBC}"
EndProject
Project("{FAE04EC0-301F-11D3-BF4B-00C04F79EFBC}") = "Unity.Collections", "Unity.Collections.csproj", "{E15809B0-CA39-F4D5-90FE-D80EEAE8C968}"
EndProject
Project("{FAE04EC0-301F-11D3-BF4B-00C04F79EFBC}") = "UnityEngine.UI", "UnityEngine.UI.csproj", "{4E66D263-778A-F7CA-E2D2-FC3158E62EC6}"
EndProject
Project("{FAE04EC0-301F-11D3-BF4B-00C04F79EFBC}") = "Unity.2D.IK.Runtime", "Unity.2D.IK.Runtime.csproj", "{72132A39-B77B-53D6-C218-1CA8CDF51390}"
EndProject
Project("{FAE04EC0-301F-11D3-BF4B-00C04F79EFBC}") = "Unity.RenderPipelines.Universal.2D.Runtime", "Unity.RenderPipelines.Universal.2D.Runtime.csproj", "{8ED86A5A-3B9E-E9BB-7B5B-837AD918BF79}"
EndProject
Project("{FAE04EC0-301F-11D3-BF4B-00C04F79EFBC}") = "Unity.2D.Psdimporter.Editor", "Unity.2D.Psdimporter.Editor.csproj", "{F933E3FD-4E27-EE1E-6823-EACEA164E8E2}"
EndProject
Project("{FAE04EC0-301F-11D3-BF4B-00C04F79EFBC}") = "Unity.VisualScripting.Core.Editor", "Unity.VisualScripting.Core.Editor.csproj", "{3CFB7482-891E-CEAD-D1FD-214B902B1282}"
EndProject
Project("{FAE04EC0-301F-11D3-BF4B-00C04F79EFBC}") = "Unity.RenderPipelines.Universal.Editor", "Unity.RenderPipelines.Universal.Editor.csproj", "{886DA6F8-1A92-ED95-CC73-403BACA5F93B}"
EndProject
Project("{FAE04EC0-301F-11D3-BF4B-00C04F79EFBC}") = "Unity.PerformanceTesting.Editor", "Unity.PerformanceTesting.Editor.csproj", "{962BFD6D-700E-6BC3-73E8-5A96BB6DA4BA}"
EndProject
Project("{FAE04EC0-301F-11D3-BF4B-00C04F79EFBC}") = "UnityEngine.TestRunner", "UnityEngine.TestRunner.csproj", "{1C425A15-2109-7C98-E78A-E1C33FD9A383}"
EndProject
Project("{FAE04EC0-301F-11D3-BF4B-00C04F79EFBC}") = "Unity.2D.Tilemap.Editor", "Unity.2D.Tilemap.Editor.csproj", "{C757DCD7-0A0D-4F55-766F-1DD2BA036EFA}"
EndProject
Project("{FAE04EC0-301F-11D3-BF4B-00C04F79EFBC}") = "Unity.Burst", "Unity.Burst.csproj", "{72F5C885-BFF6-0ABF-7C32-09007F4BAD45}"
EndProject
Project("{FAE04EC0-301F-11D3-BF4B-00C04F79EFBC}") = "Unity.VisualScripting.Flow.Editor", "Unity.VisualScripting.Flow.Editor.csproj", "{4DC282FC-8BA5-F125-C61F-E6E452203AEE}"
EndProject
Project("{FAE04EC0-301F-11D3-BF4B-00C04F79EFBC}") = "Unity.2D.SpriteShape.Editor", "Unity.2D.SpriteShape.Editor.csproj", "{ADDF5DCD-A046-B6A7-0AD4-19508F64685D}"
EndProject
Project("{FAE04EC0-301F-11D3-BF4B-00C04F79EFBC}") = "Unity.VisualStudio.Editor", "Unity.VisualStudio.Editor.csproj", "{1F3E7AAD-C99C-00F1-BCBE-DED0DCE8985E}"
EndProject
Project("{FAE04EC0-301F-11D3-BF4B-00C04F79EFBC}") = "Unity.InputSystem", "Unity.InputSystem.csproj", "{83035D54-2361-F29C-7E4F-4FA12863EF89}"
EndProject
Project("{FAE04EC0-301F-11D3-BF4B-00C04F79EFBC}") = "PPv2URPConverters", "PPv2URPConverters.csproj", "{6C9012A1-10ED-D29D-5792-AA42379DB1AD}"
EndProject
Project("{FAE04EC0-301F-11D3-BF4B-00C04F79EFBC}") = "Unity.2D.Animation.Editor", "Unity.2D.Animation.Editor.csproj", "{8AE581E1-15CB-DF26-390B-47F59F1B803E}"
EndProject
Project("{FAE04EC0-301F-11D3-BF4B-00C04F79EFBC}") = "Unity.Searcher.Editor", "Unity.Searcher.Editor.csproj", "{FB134F57-414D-7369-29B8-CED8F2D039F1}"
EndProject
Project("{FAE04EC0-301F-11D3-BF4B-00C04F79EFBC}") = "Unity.2D.SpriteShape.Runtime", "Unity.2D.SpriteShape.Runtime.csproj", "{AB8E3C05-4D3A-72C7-EF08-77E1BB3A45AD}"
EndProject
Project("{FAE04EC0-301F-11D3-BF4B-00C04F79EFBC}") = "UnityEditor.TestRunner", "UnityEditor.TestRunner.csproj", "{ED8E8263-77C7-1734-F4CE-C0692B10D73B}"
EndProject
Project("{FAE04EC0-301F-11D3-BF4B-00C04F79EFBC}") = "Unity.VisualScripting.Core", "Unity.VisualScripting.Core.csproj", "{80D230B8-3EBA-ED3F-569F-A3CB2676E54B}"
EndProject
Project("{FAE04EC0-301F-11D3-BF4B-00C04F79EFBC}") = "Unity.RenderPipelines.Universal.Runtime", "Unity.RenderPipelines.Universal.Runtime.csproj", "{D2BBBC35-5FF3-98A5-505F-E17D18630002}"
EndProject
Project("{FAE04EC0-301F-11D3-BF4B-00C04F79EFBC}") = "Unity.VisualScripting.State.Editor", "Unity.VisualScripting.State.Editor.csproj", "{D94D43FB-8C9C-1A4A-C2B5-9E8DB68C21ED}"
EndProject
Project("{FAE04EC0-301F-11D3-BF4B-00C04F79EFBC}") = "Unity.Burst.CodeGen", "Unity.Burst.CodeGen.csproj", "{C09E6D67-BF38-23BF-B73F-39FF423BC1E2}"
EndProject
Project("{FAE04EC0-301F-11D3-BF4B-00C04F79EFBC}") = "Unity.VisualScripting.Flow", "Unity.VisualScripting.Flow.csproj", "{54120DF8-4111-6B73-DC88-C4768D6A5722}"
EndProject
Project("{FAE04EC0-301F-11D3-BF4B-00C04F79EFBC}") = "Unity.PerformanceTesting", "Unity.PerformanceTesting.csproj", "{F41134AF-2660-7B45-97B3-E54F17AE2DCF}"
EndProject
Project("{FAE04EC0-301F-11D3-BF4B-00C04F79EFBC}") = "Unity.2D.Tilemap.Extras.Editor", "Unity.2D.Tilemap.Extras.Editor.csproj", "{A4A1A8A8-F3C9-0C03-3EBD-9F01A4F9AB21}"
EndProject
Project("{FAE04EC0-301F-11D3-BF4B-00C04F79EFBC}") = "Unity.TextMeshPro", "Unity.TextMeshPro.csproj", "{E0C32584-F696-7CCE-6AF3-DD13FC47C506}"
EndProject
Project("{FAE04EC0-301F-11D3-BF4B-00C04F79EFBC}") = "Unity.TextMeshPro.Editor", "Unity.TextMeshPro.Editor.csproj", "{127B1197-A7B6-1D13-B3B7-BB4311E0EA7E}"
EndProject
Project("{FAE04EC0-301F-11D3-BF4B-00C04F79EFBC}") = "Unity.Rendering.LightTransport.Runtime", "Unity.Rendering.LightTransport.Runtime.csproj", "{C2B4EEC7-7B68-2AFE-109D-15F649890E12}"
EndProject
Project("{FAE04EC0-301F-11D3-BF4B-00C04F79EFBC}") = "PsdPlugin", "PsdPlugin.csproj", "{404F30EA-14AF-20C5-9C06-6EE95C981C7D}"
EndProject
Project("{FAE04EC0-301F-11D3-BF4B-00C04F79EFBC}") = "Unity.2D.IK.Editor", "Unity.2D.IK.Editor.csproj", "{7C9FF01F-4BF6-0E48-273A-694F57E6CBD6}"
EndProject
Project("{FAE04EC0-301F-11D3-BF4B-00C04F79EFBC}") = "Unity.InternalAPIEngineBridge.001", "Unity.InternalAPIEngineBridge.001.csproj", "{9E446CFB-1299-34D8-48F7-54BF6A4F7074}"
EndProject
Project("{FAE04EC0-301F-11D3-BF4B-00C04F79EFBC}") = "Unity.2D.Aseprite.Common", "Unity.2D.Aseprite.Common.csproj", "{C885B687-BCF1-C944-BAFD-894EA8208A1F}"
EndProject
Project("{FAE04EC0-301F-11D3-BF4B-00C04F79EFBC}") = "Unity.Burst.Editor", "Unity.Burst.Editor.csproj", "{E14B2914-F1D5-C2AC-F3FB-C7BFA8BE1B3B}"
EndProject
Project("{FAE04EC0-301F-11D3-BF4B-00C04F79EFBC}") = "Unity.2D.Common.Path.Editor", "Unity.2D.Common.Path.Editor.csproj", "{498721AE-C3CC-A22D-E7E7-D938FEF17FF0}"
EndProject
Project("{FAE04EC0-301F-11D3-BF4B-00C04F79EFBC}") = "Unity.2D.Common.Editor", "Unity.2D.Common.Editor.csproj", "{1B664008-AACB-A3FE-6586-859A1B733512}"
EndProject
Project("{FAE04EC0-301F-11D3-BF4B-00C04F79EFBC}") = "Unity.Rider.Editor", "Unity.Rider.Editor.csproj", "{69D4BC41-F639-8002-47AE-4EB3CD488BD6}"
EndProject
Project("{FAE04EC0-301F-11D3-BF4B-00C04F79EFBC}") = "Unity.VisualScripting.State", "Unity.VisualScripting.State.csproj", "{6EEFCB8D-0212-1F0A-9986-E9AC87E85F76}"
EndProject
Project("{FAE04EC0-301F-11D3-BF4B-00C04F79EFBC}") = "Unity.InternalAPIEditorBridge.001", "Unity.InternalAPIEditorBridge.001.csproj", "{0A4CAFAD-F9B0-D50D-68D7-4A2D139B4961}"
EndProject
Project("{FAE04EC0-301F-11D3-BF4B-00C04F79EFBC}") = "UnityEditor.UI", "UnityEditor.UI.csproj", "{EC33C378-D84C-11DE-73E4-FF602B5B9360}"
EndProject
Project("{FAE04EC0-301F-11D3-BF4B-00C04F79EFBC}") = "Unity.2D.PixelPerfect.Editor", "Unity.2D.PixelPerfect.Editor.csproj", "{02309D89-1CAE-AF0B-FC9B-4BA1690CF1CA}"
EndProject
Project("{FAE04EC0-301F-11D3-BF4B-00C04F79EFBC}") = "Unity.2D.Sprite.Editor", "Unity.2D.Sprite.Editor.csproj", "{079B0A5F-93F5-D078-27F9-645A3751C13C}"
EndProject
Project("{FAE04EC0-301F-11D3-BF4B-00C04F79EFBC}") = "Unity.Multiplayer.Center.Common", "Unity.Multiplayer.Center.Common.csproj", "{C4D1336B-4972-6F6C-C727-B0F754AA9936}"
EndProject
Project("{FAE04EC0-301F-11D3-BF4B-00C04F79EFBC}") = "Unity.InputSystem.ForUI", "Unity.InputSystem.ForUI.csproj", "{009E8286-1788-2F6C-7B9B-143E79CDE1CD}"
EndProject
Project("{FAE04EC0-301F-11D3-BF4B-00C04F79EFBC}") = "Unity.Collections.CodeGen", "Unity.Collections.CodeGen.csproj", "{24BEB5C3-16A9-855D-AFB5-7135EA3DBEE5}"
EndProject
Project("{FAE04EC0-301F-11D3-BF4B-00C04F79EFBC}") = "Unity.2D.Tilemap.Extras", "Unity.2D.Tilemap.Extras.csproj", "{77BA3948-B1A2-505C-92CE-81531C3590D7}"
EndProject
Project("{FAE04EC0-301F-11D3-BF4B-00C04F79EFBC}") = "Unity.2D.Animation.Runtime", "Unity.2D.Animation.Runtime.csproj", "{72A5D6A7-AB18-D620-ECD4-C7F7385E07E5}"
EndProject
Project("{FAE04EC0-301F-11D3-BF4B-00C04F79EFBC}") = "Unity.Mathematics.Editor", "Unity.Mathematics.Editor.csproj", "{BF1495BF-E2D0-29B6-1BE4-3C0D25A25887}"
EndProject
Project("{FAE04EC0-301F-11D3-BF4B-00C04F79EFBC}") = "Unity.VisualScripting.SettingsProvider.Editor", "Unity.VisualScripting.SettingsProvider.Editor.csproj", "{8F2D9A95-6151-C9D5-DED1-160D7DB4E77A}"
EndProject
Project("{FAE04EC0-301F-11D3-BF4B-00C04F79EFBC}") = "Unity.Toolchain.Macos-x86_64-Linux-x86_64", "Unity.Toolchain.Macos-x86_64-Linux-x86_64.csproj", "{33391B88-DDE1-C6E9-3207-5041F5FA2B96}"
EndProject
Project("{FAE04EC0-301F-11D3-BF4B-00C04F79EFBC}") = "Assembly-CSharp", "Assembly-CSharp.csproj", "{F30EAE14-6CC4-6351-1743-1CACD3D8F8D1}"
EndProject
Project("{FAE04EC0-301F-11D3-BF4B-00C04F79EFBC}") = "Unity.VSCode.Editor", "Unity.VSCode.Editor.csproj", "{FDAC6E89-AFCB-6301-9980-828064A16871}"
EndProject
Project("{FAE04EC0-301F-11D3-BF4B-00C04F79EFBC}") = "Unity.InputSystem.TestFramework", "Unity.InputSystem.TestFramework.csproj", "{E0421364-CEE6-9116-72A0-0EC1476BF8AB}"
EndProject
Project("{FAE04EC0-301F-11D3-BF4B-00C04F79EFBC}") = "Unity.ShaderGraph.Utilities", "Unity.ShaderGraph.Utilities.csproj", "{B85A2873-4DA8-8D0A-8580-83718774BBBB}"
EndProject
Project("{FAE04EC0-301F-11D3-BF4B-00C04F79EFBC}") = "Unity.VisualScripting.Shared.Editor", "Unity.VisualScripting.Shared.Editor.csproj", "{179824EC-152F-54F9-9170-CCAF8ADF739D}"
EndProject
Project("{FAE04EC0-301F-11D3-BF4B-00C04F79EFBC}") = "Unity.RenderPipeline.Universal.ShaderLibrary", "Unity.RenderPipeline.Universal.ShaderLibrary.csproj", "{BC030247-0B0C-0FBF-77A1-1054698285E9}"
EndProject
Project("{FAE04EC0-301F-11D3-BF4B-00C04F79EFBC}") = "Unity.2D.Common.Runtime", "Unity.2D.Common.Runtime.csproj", "{FF615FC5-956C-AFDD-6BD1-BAE627BF1DFC}"
EndProject
Project("{FAE04EC0-301F-11D3-BF4B-00C04F79EFBC}") = "Unity.2D.PixelPerfect", "Unity.2D.PixelPerfect.csproj", "{ECE55E5A-DF68-FEE5-7ECC-4CE15AADA208}"
EndProject
Project("{FAE04EC0-301F-11D3-BF4B-00C04F79EFBC}") = "Unity.SysrootPackage.Editor", "Unity.SysrootPackage.Editor.csproj", "{CD7F3DB8-73FD-E9FF-5600-DA1900896ED6}"
EndProject
Project("{FAE04EC0-301F-11D3-BF4B-00C04F79EFBC}") = "Unity.CollabProxy.Editor", "Unity.CollabProxy.Editor.csproj", "{0D365A9A-3DCD-4C91-221F-EA301EADE866}"
EndProject
Project("{FAE04EC0-301F-11D3-BF4B-00C04F79EFBC}") = "Unity.Rendering.LightTransport.Editor", "Unity.Rendering.LightTransport.Editor.csproj", "{1279CB7E-B160-E8C6-5283-DDD7DD715B9C}"
EndProject
Project("{FAE04EC0-301F-11D3-BF4B-00C04F79EFBC}") = "Unity.RenderPipelines.Universal.Shaders", "Unity.RenderPipelines.Universal.Shaders.csproj", "{5C26911A-A32D-538A-8B59-F37171126971}"
EndProject
Project("{FAE04EC0-301F-11D3-BF4B-00C04F79EFBC}") = "Unity.RenderPipelines.Core.Runtime.Shared", "Unity.RenderPipelines.Core.Runtime.Shared.csproj", "{2AC73537-591D-5555-430E-4F005981F593}"
EndProject
Project("{FAE04EC0-301F-11D3-BF4B-00C04F79EFBC}") = "ScriptablePacker", "ScriptablePacker.csproj", "{25C32F25-8A9E-EE9C-9811-9E4EC4929C43}"
EndProject
Project("{FAE04EC0-301F-11D3-BF4B-00C04F79EFBC}") = "Unity.Sysroot.Linux_x86_64", "Unity.Sysroot.Linux_x86_64.csproj", "{DFCCE6AC-131E-353C-4947-E4FB80EDA949}"
EndProject
Project("{FAE04EC0-301F-11D3-BF4B-00C04F79EFBC}") = "Assembly-CSharp-Editor", "Assembly-CSharp-Editor.csproj", "{3967A7D7-1E15-D914-D7D4-4EA1D612A702}"
EndProject
Project("{FAE04EC0-301F-11D3-BF4B-00C04F79EFBC}") = "Unity.Collections.Editor", "Unity.Collections.Editor.csproj", "{AE3DD615-7DE6-5F21-B2AD-CCFE1D09EB4A}"
EndProject
Project("{FAE04EC0-301F-11D3-BF4B-00C04F79EFBC}") = "Unity.RenderPipelines.Universal.Config.Runtime", "Unity.RenderPipelines.Universal.Config.Runtime.csproj", "{BECA4619-2C4A-0B20-F7B4-930026963986}"
EndProject
Project("{FAE04EC0-301F-11D3-BF4B-00C04F79EFBC}") = "Unity.RenderPipelines.ShaderGraph.ShaderGraphLibrary", "Unity.RenderPipelines.ShaderGraph.ShaderGraphLibrary.csproj", "{D7AD90D2-B6F6-74AE-AB65-C30D3EAA1EC8}"
EndProject
Project("{FAE04EC0-301F-11D3-BF4B-00C04F79EFBC}") = "Unity.RenderPipelines.Core.ShaderLibrary", "Unity.RenderPipelines.Core.ShaderLibrary.csproj", "{8CAB1E94-554D-116F-2177-1EBF37A69EB5}"
EndProject
Project("{FAE04EC0-301F-11D3-BF4B-00C04F79EFBC}") = "Unity.RenderPipelines.Core.Editor.Shared", "Unity.RenderPipelines.Core.Editor.Shared.csproj", "{D110BD2A-6694-0F5A-E14B-7346C26ABD97}"
EndProject
Global
	GlobalSection(SolutionConfigurationPlatforms) = preSolution
		Debug|Any CPU = Debug|Any CPU
		Release|Any CPU = Release|Any CPU
	EndGlobalSection
	GlobalSection(ProjectConfigurationPlatforms) = postSolution
		{D99E12AF-8F09-98E6-B53F-AD3E8CCE8B11}.Debug|Any CPU.ActiveCfg = Debug|Any CPU
		{D99E12AF-8F09-98E6-B53F-AD3E8CCE8B11}.Debug|Any CPU.Build.0 = Debug|Any CPU
		{D99E12AF-8F09-98E6-B53F-AD3E8CCE8B11}.Release|Any CPU.ActiveCfg = Release|Any CPU
		{D99E12AF-8F09-98E6-B53F-AD3E8CCE8B11}.Release|Any CPU.Build.0 = Release|Any CPU
		{31AD0660-D97C-748C-DB08-2A7BFEC3F457}.Debug|Any CPU.ActiveCfg = Debug|Any CPU
		{31AD0660-D97C-748C-DB08-2A7BFEC3F457}.Debug|Any CPU.Build.0 = Debug|Any CPU
		{31AD0660-D97C-748C-DB08-2A7BFEC3F457}.Release|Any CPU.ActiveCfg = Release|Any CPU
		{31AD0660-D97C-748C-DB08-2A7BFEC3F457}.Release|Any CPU.Build.0 = Release|Any CPU
		{0699B720-2C54-A3DA-3869-F23DF6727198}.Debug|Any CPU.ActiveCfg = Debug|Any CPU
		{0699B720-2C54-A3DA-3869-F23DF6727198}.Debug|Any CPU.Build.0 = Debug|Any CPU
		{0699B720-2C54-A3DA-3869-F23DF6727198}.Release|Any CPU.ActiveCfg = Release|Any CPU
		{0699B720-2C54-A3DA-3869-F23DF6727198}.Release|Any CPU.Build.0 = Release|Any CPU
		{1EE3776C-16DC-AF48-4FA9-825359264B9E}.Debug|Any CPU.ActiveCfg = Debug|Any CPU
		{1EE3776C-16DC-AF48-4FA9-825359264B9E}.Debug|Any CPU.Build.0 = Debug|Any CPU
		{1EE3776C-16DC-AF48-4FA9-825359264B9E}.Release|Any CPU.ActiveCfg = Release|Any CPU
		{1EE3776C-16DC-AF48-4FA9-825359264B9E}.Release|Any CPU.Build.0 = Release|Any CPU
		{682F1CD8-899B-5322-493E-EFB5196D41CF}.Debug|Any CPU.ActiveCfg = Debug|Any CPU
		{682F1CD8-899B-5322-493E-EFB5196D41CF}.Debug|Any CPU.Build.0 = Debug|Any CPU
		{682F1CD8-899B-5322-493E-EFB5196D41CF}.Release|Any CPU.ActiveCfg = Release|Any CPU
		{682F1CD8-899B-5322-493E-EFB5196D41CF}.Release|Any CPU.Build.0 = Release|Any CPU
		{179FB798-D830-14A2-4CFD-276E0BF079F9}.Debug|Any CPU.ActiveCfg = Debug|Any CPU
		{179FB798-D830-14A2-4CFD-276E0BF079F9}.Debug|Any CPU.Build.0 = Debug|Any CPU
		{179FB798-D830-14A2-4CFD-276E0BF079F9}.Release|Any CPU.ActiveCfg = Release|Any CPU
		{179FB798-D830-14A2-4CFD-276E0BF079F9}.Release|Any CPU.Build.0 = Release|Any CPU
		{1F1BDD49-1F70-5103-E0AC-DB6CAF604E10}.Debug|Any CPU.ActiveCfg = Debug|Any CPU
		{1F1BDD49-1F70-5103-E0AC-DB6CAF604E10}.Debug|Any CPU.Build.0 = Debug|Any CPU
		{1F1BDD49-1F70-5103-E0AC-DB6CAF604E10}.Release|Any CPU.ActiveCfg = Release|Any CPU
		{1F1BDD49-1F70-5103-E0AC-DB6CAF604E10}.Release|Any CPU.Build.0 = Release|Any CPU
		{3B89309A-5473-262C-74A8-EF9D981AF05C}.Debug|Any CPU.ActiveCfg = Debug|Any CPU
		{3B89309A-5473-262C-74A8-EF9D981AF05C}.Debug|Any CPU.Build.0 = Debug|Any CPU
		{3B89309A-5473-262C-74A8-EF9D981AF05C}.Release|Any CPU.ActiveCfg = Release|Any CPU
		{3B89309A-5473-262C-74A8-EF9D981AF05C}.Release|Any CPU.Build.0 = Release|Any CPU
		{5DA47408-4D1A-0501-971D-02E504E1A9E3}.Debug|Any CPU.ActiveCfg = Debug|Any CPU
		{5DA47408-4D1A-0501-971D-02E504E1A9E3}.Debug|Any CPU.Build.0 = Debug|Any CPU
		{5DA47408-4D1A-0501-971D-02E504E1A9E3}.Release|Any CPU.ActiveCfg = Release|Any CPU
		{5DA47408-4D1A-0501-971D-02E504E1A9E3}.Release|Any CPU.Build.0 = Release|Any CPU
		{050BFB8C-A9FD-B2F7-395C-7F5A4E7ABEBC}.Debug|Any CPU.ActiveCfg = Debug|Any CPU
		{050BFB8C-A9FD-B2F7-395C-7F5A4E7ABEBC}.Debug|Any CPU.Build.0 = Debug|Any CPU
		{050BFB8C-A9FD-B2F7-395C-7F5A4E7ABEBC}.Release|Any CPU.ActiveCfg = Release|Any CPU
		{050BFB8C-A9FD-B2F7-395C-7F5A4E7ABEBC}.Release|Any CPU.Build.0 = Release|Any CPU
		{E15809B0-CA39-F4D5-90FE-D80EEAE8C968}.Debug|Any CPU.ActiveCfg = Debug|Any CPU
		{E15809B0-CA39-F4D5-90FE-D80EEAE8C968}.Debug|Any CPU.Build.0 = Debug|Any CPU
		{E15809B0-CA39-F4D5-90FE-D80EEAE8C968}.Release|Any CPU.ActiveCfg = Release|Any CPU
		{E15809B0-CA39-F4D5-90FE-D80EEAE8C968}.Release|Any CPU.Build.0 = Release|Any CPU
		{4E66D263-778A-F7CA-E2D2-FC3158E62EC6}.Debug|Any CPU.ActiveCfg = Debug|Any CPU
		{4E66D263-778A-F7CA-E2D2-FC3158E62EC6}.Debug|Any CPU.Build.0 = Debug|Any CPU
		{4E66D263-778A-F7CA-E2D2-FC3158E62EC6}.Release|Any CPU.ActiveCfg = Release|Any CPU
		{4E66D263-778A-F7CA-E2D2-FC3158E62EC6}.Release|Any CPU.Build.0 = Release|Any CPU
		{72132A39-B77B-53D6-C218-1CA8CDF51390}.Debug|Any CPU.ActiveCfg = Debug|Any CPU
		{72132A39-B77B-53D6-C218-1CA8CDF51390}.Debug|Any CPU.Build.0 = Debug|Any CPU
		{72132A39-B77B-53D6-C218-1CA8CDF51390}.Release|Any CPU.ActiveCfg = Release|Any CPU
		{72132A39-B77B-53D6-C218-1CA8CDF51390}.Release|Any CPU.Build.0 = Release|Any CPU
		{8ED86A5A-3B9E-E9BB-7B5B-837AD918BF79}.Debug|Any CPU.ActiveCfg = Debug|Any CPU
		{8ED86A5A-3B9E-E9BB-7B5B-837AD918BF79}.Debug|Any CPU.Build.0 = Debug|Any CPU
		{8ED86A5A-3B9E-E9BB-7B5B-837AD918BF79}.Release|Any CPU.ActiveCfg = Release|Any CPU
		{8ED86A5A-3B9E-E9BB-7B5B-837AD918BF79}.Release|Any CPU.Build.0 = Release|Any CPU
		{F933E3FD-4E27-EE1E-6823-EACEA164E8E2}.Debug|Any CPU.ActiveCfg = Debug|Any CPU
		{F933E3FD-4E27-EE1E-6823-EACEA164E8E2}.Debug|Any CPU.Build.0 = Debug|Any CPU
		{F933E3FD-4E27-EE1E-6823-EACEA164E8E2}.Release|Any CPU.ActiveCfg = Release|Any CPU
		{F933E3FD-4E27-EE1E-6823-EACEA164E8E2}.Release|Any CPU.Build.0 = Release|Any CPU
		{3CFB7482-891E-CEAD-D1FD-214B902B1282}.Debug|Any CPU.ActiveCfg = Debug|Any CPU
		{3CFB7482-891E-CEAD-D1FD-214B902B1282}.Debug|Any CPU.Build.0 = Debug|Any CPU
		{3CFB7482-891E-CEAD-D1FD-214B902B1282}.Release|Any CPU.ActiveCfg = Release|Any CPU
		{3CFB7482-891E-CEAD-D1FD-214B902B1282}.Release|Any CPU.Build.0 = Release|Any CPU
		{886DA6F8-1A92-ED95-CC73-403BACA5F93B}.Debug|Any CPU.ActiveCfg = Debug|Any CPU
		{886DA6F8-1A92-ED95-CC73-403BACA5F93B}.Debug|Any CPU.Build.0 = Debug|Any CPU
		{886DA6F8-1A92-ED95-CC73-403BACA5F93B}.Release|Any CPU.ActiveCfg = Release|Any CPU
		{886DA6F8-1A92-ED95-CC73-403BACA5F93B}.Release|Any CPU.Build.0 = Release|Any CPU
		{962BFD6D-700E-6BC3-73E8-5A96BB6DA4BA}.Debug|Any CPU.ActiveCfg = Debug|Any CPU
		{962BFD6D-700E-6BC3-73E8-5A96BB6DA4BA}.Debug|Any CPU.Build.0 = Debug|Any CPU
		{962BFD6D-700E-6BC3-73E8-5A96BB6DA4BA}.Release|Any CPU.ActiveCfg = Release|Any CPU
		{962BFD6D-700E-6BC3-73E8-5A96BB6DA4BA}.Release|Any CPU.Build.0 = Release|Any CPU
		{1C425A15-2109-7C98-E78A-E1C33FD9A383}.Debug|Any CPU.ActiveCfg = Debug|Any CPU
		{1C425A15-2109-7C98-E78A-E1C33FD9A383}.Debug|Any CPU.Build.0 = Debug|Any CPU
		{1C425A15-2109-7C98-E78A-E1C33FD9A383}.Release|Any CPU.ActiveCfg = Release|Any CPU
		{1C425A15-2109-7C98-E78A-E1C33FD9A383}.Release|Any CPU.Build.0 = Release|Any CPU
		{C757DCD7-0A0D-4F55-766F-1DD2BA036EFA}.Debug|Any CPU.ActiveCfg = Debug|Any CPU
		{C757DCD7-0A0D-4F55-766F-1DD2BA036EFA}.Debug|Any CPU.Build.0 = Debug|Any CPU
		{C757DCD7-0A0D-4F55-766F-1DD2BA036EFA}.Release|Any CPU.ActiveCfg = Release|Any CPU
		{C757DCD7-0A0D-4F55-766F-1DD2BA036EFA}.Release|Any CPU.Build.0 = Release|Any CPU
		{72F5C885-BFF6-0ABF-7C32-09007F4BAD45}.Debug|Any CPU.ActiveCfg = Debug|Any CPU
		{72F5C885-BFF6-0ABF-7C32-09007F4BAD45}.Debug|Any CPU.Build.0 = Debug|Any CPU
		{72F5C885-BFF6-0ABF-7C32-09007F4BAD45}.Release|Any CPU.ActiveCfg = Release|Any CPU
		{72F5C885-BFF6-0ABF-7C32-09007F4BAD45}.Release|Any CPU.Build.0 = Release|Any CPU
		{4DC282FC-8BA5-F125-C61F-E6E452203AEE}.Debug|Any CPU.ActiveCfg = Debug|Any CPU
		{4DC282FC-8BA5-F125-C61F-E6E452203AEE}.Debug|Any CPU.Build.0 = Debug|Any CPU
		{4DC282FC-8BA5-F125-C61F-E6E452203AEE}.Release|Any CPU.ActiveCfg = Release|Any CPU
		{4DC282FC-8BA5-F125-C61F-E6E452203AEE}.Release|Any CPU.Build.0 = Release|Any CPU
		{ADDF5DCD-A046-B6A7-0AD4-19508F64685D}.Debug|Any CPU.ActiveCfg = Debug|Any CPU
		{ADDF5DCD-A046-B6A7-0AD4-19508F64685D}.Debug|Any CPU.Build.0 = Debug|Any CPU
		{ADDF5DCD-A046-B6A7-0AD4-19508F64685D}.Release|Any CPU.ActiveCfg = Release|Any CPU
		{ADDF5DCD-A046-B6A7-0AD4-19508F64685D}.Release|Any CPU.Build.0 = Release|Any CPU
		{1F3E7AAD-C99C-00F1-BCBE-DED0DCE8985E}.Debug|Any CPU.ActiveCfg = Debug|Any CPU
		{1F3E7AAD-C99C-00F1-BCBE-DED0DCE8985E}.Debug|Any CPU.Build.0 = Debug|Any CPU
		{1F3E7AAD-C99C-00F1-BCBE-DED0DCE8985E}.Release|Any CPU.ActiveCfg = Release|Any CPU
		{1F3E7AAD-C99C-00F1-BCBE-DED0DCE8985E}.Release|Any CPU.Build.0 = Release|Any CPU
		{83035D54-2361-F29C-7E4F-4FA12863EF89}.Debug|Any CPU.ActiveCfg = Debug|Any CPU
		{83035D54-2361-F29C-7E4F-4FA12863EF89}.Debug|Any CPU.Build.0 = Debug|Any CPU
		{83035D54-2361-F29C-7E4F-4FA12863EF89}.Release|Any CPU.ActiveCfg = Release|Any CPU
		{83035D54-2361-F29C-7E4F-4FA12863EF89}.Release|Any CPU.Build.0 = Release|Any CPU
		{6C9012A1-10ED-D29D-5792-AA42379DB1AD}.Debug|Any CPU.ActiveCfg = Debug|Any CPU
		{6C9012A1-10ED-D29D-5792-AA42379DB1AD}.Debug|Any CPU.Build.0 = Debug|Any CPU
		{6C9012A1-10ED-D29D-5792-AA42379DB1AD}.Release|Any CPU.ActiveCfg = Release|Any CPU
		{6C9012A1-10ED-D29D-5792-AA42379DB1AD}.Release|Any CPU.Build.0 = Release|Any CPU
		{8AE581E1-15CB-DF26-390B-47F59F1B803E}.Debug|Any CPU.ActiveCfg = Debug|Any CPU
		{8AE581E1-15CB-DF26-390B-47F59F1B803E}.Debug|Any CPU.Build.0 = Debug|Any CPU
		{8AE581E1-15CB-DF26-390B-47F59F1B803E}.Release|Any CPU.ActiveCfg = Release|Any CPU
		{8AE581E1-15CB-DF26-390B-47F59F1B803E}.Release|Any CPU.Build.0 = Release|Any CPU
		{FB134F57-414D-7369-29B8-CED8F2D039F1}.Debug|Any CPU.ActiveCfg = Debug|Any CPU
		{FB134F57-414D-7369-29B8-CED8F2D039F1}.Debug|Any CPU.Build.0 = Debug|Any CPU
		{FB134F57-414D-7369-29B8-CED8F2D039F1}.Release|Any CPU.ActiveCfg = Release|Any CPU
		{FB134F57-414D-7369-29B8-CED8F2D039F1}.Release|Any CPU.Build.0 = Release|Any CPU
		{AB8E3C05-4D3A-72C7-EF08-77E1BB3A45AD}.Debug|Any CPU.ActiveCfg = Debug|Any CPU
		{AB8E3C05-4D3A-72C7-EF08-77E1BB3A45AD}.Debug|Any CPU.Build.0 = Debug|Any CPU
		{AB8E3C05-4D3A-72C7-EF08-77E1BB3A45AD}.Release|Any CPU.ActiveCfg = Release|Any CPU
		{AB8E3C05-4D3A-72C7-EF08-77E1BB3A45AD}.Release|Any CPU.Build.0 = Release|Any CPU
		{ED8E8263-77C7-1734-F4CE-C0692B10D73B}.Debug|Any CPU.ActiveCfg = Debug|Any CPU
		{ED8E8263-77C7-1734-F4CE-C0692B10D73B}.Debug|Any CPU.Build.0 = Debug|Any CPU
		{ED8E8263-77C7-1734-F4CE-C0692B10D73B}.Release|Any CPU.ActiveCfg = Release|Any CPU
		{ED8E8263-77C7-1734-F4CE-C0692B10D73B}.Release|Any CPU.Build.0 = Release|Any CPU
		{80D230B8-3EBA-ED3F-569F-A3CB2676E54B}.Debug|Any CPU.ActiveCfg = Debug|Any CPU
		{80D230B8-3EBA-ED3F-569F-A3CB2676E54B}.Debug|Any CPU.Build.0 = Debug|Any CPU
		{80D230B8-3EBA-ED3F-569F-A3CB2676E54B}.Release|Any CPU.ActiveCfg = Release|Any CPU
		{80D230B8-3EBA-ED3F-569F-A3CB2676E54B}.Release|Any CPU.Build.0 = Release|Any CPU
		{D2BBBC35-5FF3-98A5-505F-E17D18630002}.Debug|Any CPU.ActiveCfg = Debug|Any CPU
		{D2BBBC35-5FF3-98A5-505F-E17D18630002}.Debug|Any CPU.Build.0 = Debug|Any CPU
		{D2BBBC35-5FF3-98A5-505F-E17D18630002}.Release|Any CPU.ActiveCfg = Release|Any CPU
		{D2BBBC35-5FF3-98A5-505F-E17D18630002}.Release|Any CPU.Build.0 = Release|Any CPU
		{D94D43FB-8C9C-1A4A-C2B5-9E8DB68C21ED}.Debug|Any CPU.ActiveCfg = Debug|Any CPU
		{D94D43FB-8C9C-1A4A-C2B5-9E8DB68C21ED}.Debug|Any CPU.Build.0 = Debug|Any CPU
		{D94D43FB-8C9C-1A4A-C2B5-9E8DB68C21ED}.Release|Any CPU.ActiveCfg = Release|Any CPU
		{D94D43FB-8C9C-1A4A-C2B5-9E8DB68C21ED}.Release|Any CPU.Build.0 = Release|Any CPU
		{C09E6D67-BF38-23BF-B73F-39FF423BC1E2}.Debug|Any CPU.ActiveCfg = Debug|Any CPU
		{C09E6D67-BF38-23BF-B73F-39FF423BC1E2}.Debug|Any CPU.Build.0 = Debug|Any CPU
		{C09E6D67-BF38-23BF-B73F-39FF423BC1E2}.Release|Any CPU.ActiveCfg = Release|Any CPU
		{C09E6D67-BF38-23BF-B73F-39FF423BC1E2}.Release|Any CPU.Build.0 = Release|Any CPU
		{54120DF8-4111-6B73-DC88-C4768D6A5722}.Debug|Any CPU.ActiveCfg = Debug|Any CPU
		{54120DF8-4111-6B73-DC88-C4768D6A5722}.Debug|Any CPU.Build.0 = Debug|Any CPU
		{54120DF8-4111-6B73-DC88-C4768D6A5722}.Release|Any CPU.ActiveCfg = Release|Any CPU
		{54120DF8-4111-6B73-DC88-C4768D6A5722}.Release|Any CPU.Build.0 = Release|Any CPU
		{F41134AF-2660-7B45-97B3-E54F17AE2DCF}.Debug|Any CPU.ActiveCfg = Debug|Any CPU
		{F41134AF-2660-7B45-97B3-E54F17AE2DCF}.Debug|Any CPU.Build.0 = Debug|Any CPU
		{F41134AF-2660-7B45-97B3-E54F17AE2DCF}.Release|Any CPU.ActiveCfg = Release|Any CPU
		{F41134AF-2660-7B45-97B3-E54F17AE2DCF}.Release|Any CPU.Build.0 = Release|Any CPU
		{A4A1A8A8-F3C9-0C03-3EBD-9F01A4F9AB21}.Debug|Any CPU.ActiveCfg = Debug|Any CPU
		{A4A1A8A8-F3C9-0C03-3EBD-9F01A4F9AB21}.Debug|Any CPU.Build.0 = Debug|Any CPU
		{A4A1A8A8-F3C9-0C03-3EBD-9F01A4F9AB21}.Release|Any CPU.ActiveCfg = Release|Any CPU
		{A4A1A8A8-F3C9-0C03-3EBD-9F01A4F9AB21}.Release|Any CPU.Build.0 = Release|Any CPU
		{E0C32584-F696-7CCE-6AF3-DD13FC47C506}.Debug|Any CPU.ActiveCfg = Debug|Any CPU
		{E0C32584-F696-7CCE-6AF3-DD13FC47C506}.Debug|Any CPU.Build.0 = Debug|Any CPU
		{E0C32584-F696-7CCE-6AF3-DD13FC47C506}.Release|Any CPU.ActiveCfg = Release|Any CPU
		{E0C32584-F696-7CCE-6AF3-DD13FC47C506}.Release|Any CPU.Build.0 = Release|Any CPU
		{127B1197-A7B6-1D13-B3B7-BB4311E0EA7E}.Debug|Any CPU.ActiveCfg = Debug|Any CPU
		{127B1197-A7B6-1D13-B3B7-BB4311E0EA7E}.Debug|Any CPU.Build.0 = Debug|Any CPU
		{127B1197-A7B6-1D13-B3B7-BB4311E0EA7E}.Release|Any CPU.ActiveCfg = Release|Any CPU
		{127B1197-A7B6-1D13-B3B7-BB4311E0EA7E}.Release|Any CPU.Build.0 = Release|Any CPU
		{C2B4EEC7-7B68-2AFE-109D-15F649890E12}.Debug|Any CPU.ActiveCfg = Debug|Any CPU
		{C2B4EEC7-7B68-2AFE-109D-15F649890E12}.Debug|Any CPU.Build.0 = Debug|Any CPU
		{C2B4EEC7-7B68-2AFE-109D-15F649890E12}.Release|Any CPU.ActiveCfg = Release|Any CPU
		{C2B4EEC7-7B68-2AFE-109D-15F649890E12}.Release|Any CPU.Build.0 = Release|Any CPU
		{404F30EA-14AF-20C5-9C06-6EE95C981C7D}.Debug|Any CPU.ActiveCfg = Debug|Any CPU
		{404F30EA-14AF-20C5-9C06-6EE95C981C7D}.Debug|Any CPU.Build.0 = Debug|Any CPU
		{404F30EA-14AF-20C5-9C06-6EE95C981C7D}.Release|Any CPU.ActiveCfg = Release|Any CPU
		{404F30EA-14AF-20C5-9C06-6EE95C981C7D}.Release|Any CPU.Build.0 = Release|Any CPU
		{7C9FF01F-4BF6-0E48-273A-694F57E6CBD6}.Debug|Any CPU.ActiveCfg = Debug|Any CPU
		{7C9FF01F-4BF6-0E48-273A-694F57E6CBD6}.Debug|Any CPU.Build.0 = Debug|Any CPU
		{7C9FF01F-4BF6-0E48-273A-694F57E6CBD6}.Release|Any CPU.ActiveCfg = Release|Any CPU
		{7C9FF01F-4BF6-0E48-273A-694F57E6CBD6}.Release|Any CPU.Build.0 = Release|Any CPU
		{9E446CFB-1299-34D8-48F7-54BF6A4F7074}.Debug|Any CPU.ActiveCfg = Debug|Any CPU
		{9E446CFB-1299-34D8-48F7-54BF6A4F7074}.Debug|Any CPU.Build.0 = Debug|Any CPU
		{9E446CFB-1299-34D8-48F7-54BF6A4F7074}.Release|Any CPU.ActiveCfg = Release|Any CPU
		{9E446CFB-1299-34D8-48F7-54BF6A4F7074}.Release|Any CPU.Build.0 = Release|Any CPU
		{C885B687-BCF1-C944-BAFD-894EA8208A1F}.Debug|Any CPU.ActiveCfg = Debug|Any CPU
		{C885B687-BCF1-C944-BAFD-894EA8208A1F}.Debug|Any CPU.Build.0 = Debug|Any CPU
		{C885B687-BCF1-C944-BAFD-894EA8208A1F}.Release|Any CPU.ActiveCfg = Release|Any CPU
		{C885B687-BCF1-C944-BAFD-894EA8208A1F}.Release|Any CPU.Build.0 = Release|Any CPU
		{E14B2914-F1D5-C2AC-F3FB-C7BFA8BE1B3B}.Debug|Any CPU.ActiveCfg = Debug|Any CPU
		{E14B2914-F1D5-C2AC-F3FB-C7BFA8BE1B3B}.Debug|Any CPU.Build.0 = Debug|Any CPU
		{E14B2914-F1D5-C2AC-F3FB-C7BFA8BE1B3B}.Release|Any CPU.ActiveCfg = Release|Any CPU
		{E14B2914-F1D5-C2AC-F3FB-C7BFA8BE1B3B}.Release|Any CPU.Build.0 = Release|Any CPU
		{498721AE-C3CC-A22D-E7E7-D938FEF17FF0}.Debug|Any CPU.ActiveCfg = Debug|Any CPU
		{498721AE-C3CC-A22D-E7E7-D938FEF17FF0}.Debug|Any CPU.Build.0 = Debug|Any CPU
		{498721AE-C3CC-A22D-E7E7-D938FEF17FF0}.Release|Any CPU.ActiveCfg = Release|Any CPU
		{498721AE-C3CC-A22D-E7E7-D938FEF17FF0}.Release|Any CPU.Build.0 = Release|Any CPU
		{1B664008-AACB-A3FE-6586-859A1B733512}.Debug|Any CPU.ActiveCfg = Debug|Any CPU
		{1B664008-AACB-A3FE-6586-859A1B733512}.Debug|Any CPU.Build.0 = Debug|Any CPU
		{1B664008-AACB-A3FE-6586-859A1B733512}.Release|Any CPU.ActiveCfg = Release|Any CPU
		{1B664008-AACB-A3FE-6586-859A1B733512}.Release|Any CPU.Build.0 = Release|Any CPU
		{69D4BC41-F639-8002-47AE-4EB3CD488BD6}.Debug|Any CPU.ActiveCfg = Debug|Any CPU
		{69D4BC41-F639-8002-47AE-4EB3CD488BD6}.Debug|Any CPU.Build.0 = Debug|Any CPU
		{69D4BC41-F639-8002-47AE-4EB3CD488BD6}.Release|Any CPU.ActiveCfg = Release|Any CPU
		{69D4BC41-F639-8002-47AE-4EB3CD488BD6}.Release|Any CPU.Build.0 = Release|Any CPU
		{6EEFCB8D-0212-1F0A-9986-E9AC87E85F76}.Debug|Any CPU.ActiveCfg = Debug|Any CPU
		{6EEFCB8D-0212-1F0A-9986-E9AC87E85F76}.Debug|Any CPU.Build.0 = Debug|Any CPU
		{6EEFCB8D-0212-1F0A-9986-E9AC87E85F76}.Release|Any CPU.ActiveCfg = Release|Any CPU
		{6EEFCB8D-0212-1F0A-9986-E9AC87E85F76}.Release|Any CPU.Build.0 = Release|Any CPU
		{0A4CAFAD-F9B0-D50D-68D7-4A2D139B4961}.Debug|Any CPU.ActiveCfg = Debug|Any CPU
		{0A4CAFAD-F9B0-D50D-68D7-4A2D139B4961}.Debug|Any CPU.Build.0 = Debug|Any CPU
		{0A4CAFAD-F9B0-D50D-68D7-4A2D139B4961}.Release|Any CPU.ActiveCfg = Release|Any CPU
		{0A4CAFAD-F9B0-D50D-68D7-4A2D139B4961}.Release|Any CPU.Build.0 = Release|Any CPU
		{EC33C378-D84C-11DE-73E4-FF602B5B9360}.Debug|Any CPU.ActiveCfg = Debug|Any CPU
		{EC33C378-D84C-11DE-73E4-FF602B5B9360}.Debug|Any CPU.Build.0 = Debug|Any CPU
		{EC33C378-D84C-11DE-73E4-FF602B5B9360}.Release|Any CPU.ActiveCfg = Release|Any CPU
		{EC33C378-D84C-11DE-73E4-FF602B5B9360}.Release|Any CPU.Build.0 = Release|Any CPU
		{02309D89-1CAE-AF0B-FC9B-4BA1690CF1CA}.Debug|Any CPU.ActiveCfg = Debug|Any CPU
		{02309D89-1CAE-AF0B-FC9B-4BA1690CF1CA}.Debug|Any CPU.Build.0 = Debug|Any CPU
		{02309D89-1CAE-AF0B-FC9B-4BA1690CF1CA}.Release|Any CPU.ActiveCfg = Release|Any CPU
		{02309D89-1CAE-AF0B-FC9B-4BA1690CF1CA}.Release|Any CPU.Build.0 = Release|Any CPU
		{079B0A5F-93F5-D078-27F9-645A3751C13C}.Debug|Any CPU.ActiveCfg = Debug|Any CPU
		{079B0A5F-93F5-D078-27F9-645A3751C13C}.Debug|Any CPU.Build.0 = Debug|Any CPU
		{079B0A5F-93F5-D078-27F9-645A3751C13C}.Release|Any CPU.ActiveCfg = Release|Any CPU
		{079B0A5F-93F5-D078-27F9-645A3751C13C}.Release|Any CPU.Build.0 = Release|Any CPU
		{C4D1336B-4972-6F6C-C727-B0F754AA9936}.Debug|Any CPU.ActiveCfg = Debug|Any CPU
		{C4D1336B-4972-6F6C-C727-B0F754AA9936}.Debug|Any CPU.Build.0 = Debug|Any CPU
		{C4D1336B-4972-6F6C-C727-B0F754AA9936}.Release|Any CPU.ActiveCfg = Release|Any CPU
		{C4D1336B-4972-6F6C-C727-B0F754AA9936}.Release|Any CPU.Build.0 = Release|Any CPU
		{009E8286-1788-2F6C-7B9B-143E79CDE1CD}.Debug|Any CPU.ActiveCfg = Debug|Any CPU
		{009E8286-1788-2F6C-7B9B-143E79CDE1CD}.Debug|Any CPU.Build.0 = Debug|Any CPU
		{009E8286-1788-2F6C-7B9B-143E79CDE1CD}.Release|Any CPU.ActiveCfg = Release|Any CPU
		{009E8286-1788-2F6C-7B9B-143E79CDE1CD}.Release|Any CPU.Build.0 = Release|Any CPU
		{24BEB5C3-16A9-855D-AFB5-7135EA3DBEE5}.Debug|Any CPU.ActiveCfg = Debug|Any CPU
		{24BEB5C3-16A9-855D-AFB5-7135EA3DBEE5}.Debug|Any CPU.Build.0 = Debug|Any CPU
		{24BEB5C3-16A9-855D-AFB5-7135EA3DBEE5}.Release|Any CPU.ActiveCfg = Release|Any CPU
		{24BEB5C3-16A9-855D-AFB5-7135EA3DBEE5}.Release|Any CPU.Build.0 = Release|Any CPU
		{77BA3948-B1A2-505C-92CE-81531C3590D7}.Debug|Any CPU.ActiveCfg = Debug|Any CPU
		{77BA3948-B1A2-505C-92CE-81531C3590D7}.Debug|Any CPU.Build.0 = Debug|Any CPU
		{77BA3948-B1A2-505C-92CE-81531C3590D7}.Release|Any CPU.ActiveCfg = Release|Any CPU
		{77BA3948-B1A2-505C-92CE-81531C3590D7}.Release|Any CPU.Build.0 = Release|Any CPU
		{72A5D6A7-AB18-D620-ECD4-C7F7385E07E5}.Debug|Any CPU.ActiveCfg = Debug|Any CPU
		{72A5D6A7-AB18-D620-ECD4-C7F7385E07E5}.Debug|Any CPU.Build.0 = Debug|Any CPU
		{72A5D6A7-AB18-D620-ECD4-C7F7385E07E5}.Release|Any CPU.ActiveCfg = Release|Any CPU
		{72A5D6A7-AB18-D620-ECD4-C7F7385E07E5}.Release|Any CPU.Build.0 = Release|Any CPU
		{BF1495BF-E2D0-29B6-1BE4-3C0D25A25887}.Debug|Any CPU.ActiveCfg = Debug|Any CPU
		{BF1495BF-E2D0-29B6-1BE4-3C0D25A25887}.Debug|Any CPU.Build.0 = Debug|Any CPU
		{BF1495BF-E2D0-29B6-1BE4-3C0D25A25887}.Release|Any CPU.ActiveCfg = Release|Any CPU
		{BF1495BF-E2D0-29B6-1BE4-3C0D25A25887}.Release|Any CPU.Build.0 = Release|Any CPU
		{8F2D9A95-6151-C9D5-DED1-160D7DB4E77A}.Debug|Any CPU.ActiveCfg = Debug|Any CPU
		{8F2D9A95-6151-C9D5-DED1-160D7DB4E77A}.Debug|Any CPU.Build.0 = Debug|Any CPU
		{8F2D9A95-6151-C9D5-DED1-160D7DB4E77A}.Release|Any CPU.ActiveCfg = Release|Any CPU
		{8F2D9A95-6151-C9D5-DED1-160D7DB4E77A}.Release|Any CPU.Build.0 = Release|Any CPU
		{33391B88-DDE1-C6E9-3207-5041F5FA2B96}.Debug|Any CPU.ActiveCfg = Debug|Any CPU
		{33391B88-DDE1-C6E9-3207-5041F5FA2B96}.Debug|Any CPU.Build.0 = Debug|Any CPU
		{33391B88-DDE1-C6E9-3207-5041F5FA2B96}.Release|Any CPU.ActiveCfg = Release|Any CPU
		{33391B88-DDE1-C6E9-3207-5041F5FA2B96}.Release|Any CPU.Build.0 = Release|Any CPU
		{F30EAE14-6CC4-6351-1743-1CACD3D8F8D1}.Debug|Any CPU.ActiveCfg = Debug|Any CPU
		{F30EAE14-6CC4-6351-1743-1CACD3D8F8D1}.Debug|Any CPU.Build.0 = Debug|Any CPU
		{F30EAE14-6CC4-6351-1743-1CACD3D8F8D1}.Release|Any CPU.ActiveCfg = Release|Any CPU
		{F30EAE14-6CC4-6351-1743-1CACD3D8F8D1}.Release|Any CPU.Build.0 = Release|Any CPU
		{FDAC6E89-AFCB-6301-9980-828064A16871}.Debug|Any CPU.ActiveCfg = Debug|Any CPU
		{FDAC6E89-AFCB-6301-9980-828064A16871}.Debug|Any CPU.Build.0 = Debug|Any CPU
		{FDAC6E89-AFCB-6301-9980-828064A16871}.Release|Any CPU.ActiveCfg = Release|Any CPU
		{FDAC6E89-AFCB-6301-9980-828064A16871}.Release|Any CPU.Build.0 = Release|Any CPU
		{E0421364-CEE6-9116-72A0-0EC1476BF8AB}.Debug|Any CPU.ActiveCfg = Debug|Any CPU
		{E0421364-CEE6-9116-72A0-0EC1476BF8AB}.Debug|Any CPU.Build.0 = Debug|Any CPU
		{E0421364-CEE6-9116-72A0-0EC1476BF8AB}.Release|Any CPU.ActiveCfg = Release|Any CPU
		{E0421364-CEE6-9116-72A0-0EC1476BF8AB}.Release|Any CPU.Build.0 = Release|Any CPU
		{B85A2873-4DA8-8D0A-8580-83718774BBBB}.Debug|Any CPU.ActiveCfg = Debug|Any CPU
		{B85A2873-4DA8-8D0A-8580-83718774BBBB}.Debug|Any CPU.Build.0 = Debug|Any CPU
		{B85A2873-4DA8-8D0A-8580-83718774BBBB}.Release|Any CPU.ActiveCfg = Release|Any CPU
		{B85A2873-4DA8-8D0A-8580-83718774BBBB}.Release|Any CPU.Build.0 = Release|Any CPU
		{179824EC-152F-54F9-9170-CCAF8ADF739D}.Debug|Any CPU.ActiveCfg = Debug|Any CPU
		{179824EC-152F-54F9-9170-CCAF8ADF739D}.Debug|Any CPU.Build.0 = Debug|Any CPU
		{179824EC-152F-54F9-9170-CCAF8ADF739D}.Release|Any CPU.ActiveCfg = Release|Any CPU
		{179824EC-152F-54F9-9170-CCAF8ADF739D}.Release|Any CPU.Build.0 = Release|Any CPU
		{BC030247-0B0C-0FBF-77A1-1054698285E9}.Debug|Any CPU.ActiveCfg = Debug|Any CPU
		{BC030247-0B0C-0FBF-77A1-1054698285E9}.Debug|Any CPU.Build.0 = Debug|Any CPU
		{BC030247-0B0C-0FBF-77A1-1054698285E9}.Release|Any CPU.ActiveCfg = Release|Any CPU
		{BC030247-0B0C-0FBF-77A1-1054698285E9}.Release|Any CPU.Build.0 = Release|Any CPU
		{FF615FC5-956C-AFDD-6BD1-BAE627BF1DFC}.Debug|Any CPU.ActiveCfg = Debug|Any CPU
		{FF615FC5-956C-AFDD-6BD1-BAE627BF1DFC}.Debug|Any CPU.Build.0 = Debug|Any CPU
		{FF615FC5-956C-AFDD-6BD1-BAE627BF1DFC}.Release|Any CPU.ActiveCfg = Release|Any CPU
		{FF615FC5-956C-AFDD-6BD1-BAE627BF1DFC}.Release|Any CPU.Build.0 = Release|Any CPU
		{ECE55E5A-DF68-FEE5-7ECC-4CE15AADA208}.Debug|Any CPU.ActiveCfg = Debug|Any CPU
		{ECE55E5A-DF68-FEE5-7ECC-4CE15AADA208}.Debug|Any CPU.Build.0 = Debug|Any CPU
		{ECE55E5A-DF68-FEE5-7ECC-4CE15AADA208}.Release|Any CPU.ActiveCfg = Release|Any CPU
		{ECE55E5A-DF68-FEE5-7ECC-4CE15AADA208}.Release|Any CPU.Build.0 = Release|Any CPU
		{CD7F3DB8-73FD-E9FF-5600-DA1900896ED6}.Debug|Any CPU.ActiveCfg = Debug|Any CPU
		{CD7F3DB8-73FD-E9FF-5600-DA1900896ED6}.Debug|Any CPU.Build.0 = Debug|Any CPU
		{CD7F3DB8-73FD-E9FF-5600-DA1900896ED6}.Release|Any CPU.ActiveCfg = Release|Any CPU
		{CD7F3DB8-73FD-E9FF-5600-DA1900896ED6}.Release|Any CPU.Build.0 = Release|Any CPU
		{0D365A9A-3DCD-4C91-221F-EA301EADE866}.Debug|Any CPU.ActiveCfg = Debug|Any CPU
		{0D365A9A-3DCD-4C91-221F-EA301EADE866}.Debug|Any CPU.Build.0 = Debug|Any CPU
		{0D365A9A-3DCD-4C91-221F-EA301EADE866}.Release|Any CPU.ActiveCfg = Release|Any CPU
		{0D365A9A-3DCD-4C91-221F-EA301EADE866}.Release|Any CPU.Build.0 = Release|Any CPU
		{1279CB7E-B160-E8C6-5283-DDD7DD715B9C}.Debug|Any CPU.ActiveCfg = Debug|Any CPU
		{1279CB7E-B160-E8C6-5283-DDD7DD715B9C}.Debug|Any CPU.Build.0 = Debug|Any CPU
		{1279CB7E-B160-E8C6-5283-DDD7DD715B9C}.Release|Any CPU.ActiveCfg = Release|Any CPU
		{1279CB7E-B160-E8C6-5283-DDD7DD715B9C}.Release|Any CPU.Build.0 = Release|Any CPU
		{5C26911A-A32D-538A-8B59-F37171126971}.Debug|Any CPU.ActiveCfg = Debug|Any CPU
		{5C26911A-A32D-538A-8B59-F37171126971}.Debug|Any CPU.Build.0 = Debug|Any CPU
		{5C26911A-A32D-538A-8B59-F37171126971}.Release|Any CPU.ActiveCfg = Release|Any CPU
		{5C26911A-A32D-538A-8B59-F37171126971}.Release|Any CPU.Build.0 = Release|Any CPU
		{2AC73537-591D-5555-430E-4F005981F593}.Debug|Any CPU.ActiveCfg = Debug|Any CPU
		{2AC73537-591D-5555-430E-4F005981F593}.Debug|Any CPU.Build.0 = Debug|Any CPU
		{2AC73537-591D-5555-430E-4F005981F593}.Release|Any CPU.ActiveCfg = Release|Any CPU
		{2AC73537-591D-5555-430E-4F005981F593}.Release|Any CPU.Build.0 = Release|Any CPU
		{25C32F25-8A9E-EE9C-9811-9E4EC4929C43}.Debug|Any CPU.ActiveCfg = Debug|Any CPU
		{25C32F25-8A9E-EE9C-9811-9E4EC4929C43}.Debug|Any CPU.Build.0 = Debug|Any CPU
		{25C32F25-8A9E-EE9C-9811-9E4EC4929C43}.Release|Any CPU.ActiveCfg = Release|Any CPU
		{25C32F25-8A9E-EE9C-9811-9E4EC4929C43}.Release|Any CPU.Build.0 = Release|Any CPU
		{DFCCE6AC-131E-353C-4947-E4FB80EDA949}.Debug|Any CPU.ActiveCfg = Debug|Any CPU
		{DFCCE6AC-131E-353C-4947-E4FB80EDA949}.Debug|Any CPU.Build.0 = Debug|Any CPU
		{DFCCE6AC-131E-353C-4947-E4FB80EDA949}.Release|Any CPU.ActiveCfg = Release|Any CPU
		{DFCCE6AC-131E-353C-4947-E4FB80EDA949}.Release|Any CPU.Build.0 = Release|Any CPU
		{3967A7D7-1E15-D914-D7D4-4EA1D612A702}.Debug|Any CPU.ActiveCfg = Debug|Any CPU
		{3967A7D7-1E15-D914-D7D4-4EA1D612A702}.Debug|Any CPU.Build.0 = Debug|Any CPU
		{3967A7D7-1E15-D914-D7D4-4EA1D612A702}.Release|Any CPU.ActiveCfg = Release|Any CPU
		{3967A7D7-1E15-D914-D7D4-4EA1D612A702}.Release|Any CPU.Build.0 = Release|Any CPU
		{AE3DD615-7DE6-5F21-B2AD-CCFE1D09EB4A}.Debug|Any CPU.ActiveCfg = Debug|Any CPU
		{AE3DD615-7DE6-5F21-B2AD-CCFE1D09EB4A}.Debug|Any CPU.Build.0 = Debug|Any CPU
		{AE3DD615-7DE6-5F21-B2AD-CCFE1D09EB4A}.Release|Any CPU.ActiveCfg = Release|Any CPU
		{AE3DD615-7DE6-5F21-B2AD-CCFE1D09EB4A}.Release|Any CPU.Build.0 = Release|Any CPU
		{BECA4619-2C4A-0B20-F7B4-930026963986}.Debug|Any CPU.ActiveCfg = Debug|Any CPU
		{BECA4619-2C4A-0B20-F7B4-930026963986}.Debug|Any CPU.Build.0 = Debug|Any CPU
		{BECA4619-2C4A-0B20-F7B4-930026963986}.Release|Any CPU.ActiveCfg = Release|Any CPU
		{BECA4619-2C4A-0B20-F7B4-930026963986}.Release|Any CPU.Build.0 = Release|Any CPU
		{D7AD90D2-B6F6-74AE-AB65-C30D3EAA1EC8}.Debug|Any CPU.ActiveCfg = Debug|Any CPU
		{D7AD90D2-B6F6-74AE-AB65-C30D3EAA1EC8}.Debug|Any CPU.Build.0 = Debug|Any CPU
		{D7AD90D2-B6F6-74AE-AB65-C30D3EAA1EC8}.Release|Any CPU.ActiveCfg = Release|Any CPU
		{D7AD90D2-B6F6-74AE-AB65-C30D3EAA1EC8}.Release|Any CPU.Build.0 = Release|Any CPU
		{8CAB1E94-554D-116F-2177-1EBF37A69EB5}.Debug|Any CPU.ActiveCfg = Debug|Any CPU
		{8CAB1E94-554D-116F-2177-1EBF37A69EB5}.Debug|Any CPU.Build.0 = Debug|Any CPU
		{8CAB1E94-554D-116F-2177-1EBF37A69EB5}.Release|Any CPU.ActiveCfg = Release|Any CPU
		{8CAB1E94-554D-116F-2177-1EBF37A69EB5}.Release|Any CPU.Build.0 = Release|Any CPU
		{D110BD2A-6694-0F5A-E14B-7346C26ABD97}.Debug|Any CPU.ActiveCfg = Debug|Any CPU
		{D110BD2A-6694-0F5A-E14B-7346C26ABD97}.Debug|Any CPU.Build.0 = Debug|Any CPU
		{D110BD2A-6694-0F5A-E14B-7346C26ABD97}.Release|Any CPU.ActiveCfg = Release|Any CPU
		{D110BD2A-6694-0F5A-E14B-7346C26ABD97}.Release|Any CPU.Build.0 = Release|Any CPU
	EndGlobalSection
	GlobalSection(SolutionProperties) = preSolution
		HideSolutionNode = FALSE
	EndGlobalSection
EndGlobal
